
Microsoft Visual Studio Solution File, Format Version 11.00
# Visual Studio 2010
# SharpDevelop 4.4
Project("{FAE04EC0-301F-11D3-BF4B-00C04F79EFBC}") = "Samples.GtkSocketClient", "Samples.GtkSocketClient\Samples.GtkSocketClient.csproj", "{26A18F44-1CBC-4DDC-9B9B-D60241D16753}"
EndProject
Global
	GlobalSection(SolutionConfigurationPlatforms) = preSolution
		Debug|Any CPU = Debug|Any CPU
		Release|Any CPU = Release|Any CPU
	EndGlobalSection
	GlobalSection(ProjectConfigurationPlatforms) = postSolution
		{26A18F44-1CBC-4DDC-9B9B-D60241D16753}.Debug|Any CPU.Build.0 = Debug|Any CPU
		{26A18F44-1CBC-4DDC-9B9B-D60241D16753}.Debug|Any CPU.ActiveCfg = Debug|Any CPU
		{26A18F44-1CBC-4DDC-9B9B-D60241D16753}.Release|Any CPU.Build.0 = Release|Any CPU
		{26A18F44-1CBC-4DDC-9B9B-D60241D16753}.Release|Any CPU.ActiveCfg = Release|Any CPU
	EndGlobalSection
EndGlobal
